// !$*UTF8*$!
{
	archiveVersion = 1;
	classes = {
	};
	objectVersion = 56;
	objects = {

/* Begin PBXBuildFile section */
		8724D1D22ABF1EE400D9DEFE /* AudioDeviceBlocker.xcdatamodeld in Sources */ = {isa = PBXBuildFile; fileRef = 8724D1D02ABF1EE400D9DEFE /* AudioDeviceBlocker.xcdatamodeld */; };
		8724D1D42ABF1EF400D9DEFE /* CoreData.framework in Frameworks */ = {isa = PBXBuildFile; fileRef = 8724D1D32ABF1EF400D9DEFE /* CoreData.framework */; };
		8724D1D62ABF22B300D9DEFE /* BlockedDevice.swift in Sources */ = {isa = PBXBuildFile; fileRef = 8724D1D52ABF22B300D9DEFE /* BlockedDevice.swift */; };
		8724D1D82ABF316C00D9DEFE /* SavedFallbackDevice.swift in Sources */ = {isa = PBXBuildFile; fileRef = 8724D1D72ABF316C00D9DEFE /* SavedFallbackDevice.swift */; };
		87409FFA2ABC9B7600B450CF /* Info.plist in Resources */ = {isa = PBXBuildFile; fileRef = 87409FF92ABC9B7600B450CF /* Info.plist */; };
		87409FFC2ABC9B8900B450CF /* Credits.rtf in Resources */ = {isa = PBXBuildFile; fileRef = 87409FFB2ABC9B8900B450CF /* Credits.rtf */; };
		87570A052AB7804B0018B84D /* MyCoreAudio.swift in Sources */ = {isa = PBXBuildFile; fileRef = 87570A042AB7804B0018B84D /* MyCoreAudio.swift */; };
		87570A082AB7C9280018B84D /* CoreAudio.framework in Frameworks */ = {isa = PBXBuildFile; fileRef = 87570A072AB7C9280018B84D /* CoreAudio.framework */; };
		87570A0A2AB7C92F0018B84D /* SwiftUI.framework in Frameworks */ = {isa = PBXBuildFile; fileRef = 87570A092AB7C92F0018B84D /* SwiftUI.framework */; };
		877E230E2AAD84E800D26125 /* AudioDeviceBlockerApp.swift in Sources */ = {isa = PBXBuildFile; fileRef = 877E230D2AAD84E800D26125 /* AudioDeviceBlockerApp.swift */; };
		877E23122AAD84E900D26125 /* Assets.xcassets in Resources */ = {isa = PBXBuildFile; fileRef = 877E23112AAD84E900D26125 /* Assets.xcassets */; };
		877E23152AAD84E900D26125 /* Preview Assets.xcassets in Resources */ = {isa = PBXBuildFile; fileRef = 877E23142AAD84E900D26125 /* Preview Assets.xcassets */; };
		87A35F712AC77E33004C7F9A /* GeneralPreferencesPanelView.swift in Sources */ = {isa = PBXBuildFile; fileRef = 87A35F702AC77E33004C7F9A /* GeneralPreferencesPanelView.swift */; };
		87A3E7442AEF25D3002EC3EA /* OldMenuBar.swift in Sources */ = {isa = PBXBuildFile; fileRef = 87A3E7432AEF25D3002EC3EA /* OldMenuBar.swift */; };
		87B225592AB7CA9E001F545D /* MenuBarView.swift in Sources */ = {isa = PBXBuildFile; fileRef = 87B225582AB7CA9E001F545D /* MenuBarView.swift */; };
		87B2255B2AB7CCE3001F545D /* PreferencesWindowView.swift in Sources */ = {isa = PBXBuildFile; fileRef = 87B2255A2AB7CCE3001F545D /* PreferencesWindowView.swift */; };
		87F285B82AB8810E004328B5 /* PreferencesPanelView.swift in Sources */ = {isa = PBXBuildFile; fileRef = 87F285B72AB8810E004328B5 /* PreferencesPanelView.swift */; };
		87F285BA2AB88CE7004328B5 /* AudioContext.swift in Sources */ = {isa = PBXBuildFile; fileRef = 87F285B92AB88CE7004328B5 /* AudioContext.swift */; };
		87F285C22AB8CC00004328B5 /* UserNotifications.framework in Frameworks */ = {isa = PBXBuildFile; fileRef = 87F285C12AB8CC00004328B5 /* UserNotifications.framework */; };
/* End PBXBuildFile section */

/* Begin PBXFileReference section */
		8724D1D12ABF1EE400D9DEFE /* AudioDeviceBlocker.xcdatamodel */ = {isa = PBXFileReference; lastKnownFileType = wrapper.xcdatamodel; path = AudioDeviceBlocker.xcdatamodel; sourceTree = "<group>"; };
		8724D1D32ABF1EF400D9DEFE /* CoreData.framework */ = {isa = PBXFileReference; lastKnownFileType = wrapper.framework; name = CoreData.framework; path = System/Library/Frameworks/CoreData.framework; sourceTree = SDKROOT; };
		8724D1D52ABF22B300D9DEFE /* BlockedDevice.swift */ = {isa = PBXFileReference; lastKnownFileType = sourcecode.swift; path = BlockedDevice.swift; sourceTree = "<group>"; };
		8724D1D72ABF316C00D9DEFE /* SavedFallbackDevice.swift */ = {isa = PBXFileReference; lastKnownFileType = sourcecode.swift; path = SavedFallbackDevice.swift; sourceTree = "<group>"; };
		87409FF92ABC9B7600B450CF /* Info.plist */ = {isa = PBXFileReference; lastKnownFileType = text.plist.xml; path = Info.plist; sourceTree = "<group>"; };
		87409FFB2ABC9B8900B450CF /* Credits.rtf */ = {isa = PBXFileReference; lastKnownFileType = text.rtf; path = Credits.rtf; sourceTree = "<group>"; };
		87570A042AB7804B0018B84D /* MyCoreAudio.swift */ = {isa = PBXFileReference; lastKnownFileType = sourcecode.swift; path = MyCoreAudio.swift; sourceTree = "<group>"; };
		87570A072AB7C9280018B84D /* CoreAudio.framework */ = {isa = PBXFileReference; lastKnownFileType = wrapper.framework; name = CoreAudio.framework; path = System/Library/Frameworks/CoreAudio.framework; sourceTree = SDKROOT; };
		87570A092AB7C92F0018B84D /* SwiftUI.framework */ = {isa = PBXFileReference; lastKnownFileType = wrapper.framework; name = SwiftUI.framework; path = System/Library/Frameworks/SwiftUI.framework; sourceTree = SDKROOT; };
		877E230A2AAD84E800D26125 /* Audio Device Blocker.app */ = {isa = PBXFileReference; explicitFileType = wrapper.application; includeInIndex = 0; path = "Audio Device Blocker.app"; sourceTree = BUILT_PRODUCTS_DIR; };
		877E230D2AAD84E800D26125 /* AudioDeviceBlockerApp.swift */ = {isa = PBXFileReference; lastKnownFileType = sourcecode.swift; path = AudioDeviceBlockerApp.swift; sourceTree = "<group>"; };
		877E23112AAD84E900D26125 /* Assets.xcassets */ = {isa = PBXFileReference; lastKnownFileType = folder.assetcatalog; path = Assets.xcassets; sourceTree = "<group>"; };
		877E23142AAD84E900D26125 /* Preview Assets.xcassets */ = {isa = PBXFileReference; lastKnownFileType = folder.assetcatalog; path = "Preview Assets.xcassets"; sourceTree = "<group>"; };
		877E23162AAD84E900D26125 /* AudioDeviceBlocker.entitlements */ = {isa = PBXFileReference; lastKnownFileType = text.plist.entitlements; path = AudioDeviceBlocker.entitlements; sourceTree = "<group>"; };
		87A35F702AC77E33004C7F9A /* GeneralPreferencesPanelView.swift */ = {isa = PBXFileReference; lastKnownFileType = sourcecode.swift; path = GeneralPreferencesPanelView.swift; sourceTree = "<group>"; };
		87A3E7432AEF25D3002EC3EA /* OldMenuBar.swift */ = {isa = PBXFileReference; lastKnownFileType = sourcecode.swift; path = OldMenuBar.swift; sourceTree = "<group>"; };
		87B225582AB7CA9E001F545D /* MenuBarView.swift */ = {isa = PBXFileReference; lastKnownFileType = sourcecode.swift; path = MenuBarView.swift; sourceTree = "<group>"; };
		87B2255A2AB7CCE3001F545D /* PreferencesWindowView.swift */ = {isa = PBXFileReference; lastKnownFileType = sourcecode.swift; path = PreferencesWindowView.swift; sourceTree = "<group>"; };
		87F285B72AB8810E004328B5 /* PreferencesPanelView.swift */ = {isa = PBXFileReference; lastKnownFileType = sourcecode.swift; path = PreferencesPanelView.swift; sourceTree = "<group>"; };
		87F285B92AB88CE7004328B5 /* AudioContext.swift */ = {isa = PBXFileReference; lastKnownFileType = sourcecode.swift; path = AudioContext.swift; sourceTree = "<group>"; };
		87F285C12AB8CC00004328B5 /* UserNotifications.framework */ = {isa = PBXFileReference; lastKnownFileType = wrapper.framework; name = UserNotifications.framework; path = System/Library/Frameworks/UserNotifications.framework; sourceTree = SDKROOT; };
/* End PBXFileReference section */

/* Begin PBXFrameworksBuildPhase section */
		877E23072AAD84E800D26125 /* Frameworks */ = {
			isa = PBXFrameworksBuildPhase;
			buildActionMask = 2147483647;
			files = (
				87570A0A2AB7C92F0018B84D /* SwiftUI.framework in Frameworks */,
				8724D1D42ABF1EF400D9DEFE /* CoreData.framework in Frameworks */,
				87570A082AB7C9280018B84D /* CoreAudio.framework in Frameworks */,
				87F285C22AB8CC00004328B5 /* UserNotifications.framework in Frameworks */,
			);
			runOnlyForDeploymentPostprocessing = 0;
		};
/* End PBXFrameworksBuildPhase section */

/* Begin PBXGroup section */
		87570A062AB7C9280018B84D /* Frameworks */ = {
			isa = PBXGroup;
			children = (
				8724D1D32ABF1EF400D9DEFE /* CoreData.framework */,
				87F285C12AB8CC00004328B5 /* UserNotifications.framework */,
				87570A092AB7C92F0018B84D /* SwiftUI.framework */,
				87570A072AB7C9280018B84D /* CoreAudio.framework */,
			);
			name = Frameworks;
			sourceTree = "<group>";
		};
		877E23012AAD84E800D26125 = {
			isa = PBXGroup;
			children = (
				877E230C2AAD84E800D26125 /* audio-device-blocker */,
				877E230B2AAD84E800D26125 /* Products */,
				87570A062AB7C9280018B84D /* Frameworks */,
			);
			sourceTree = "<group>";
		};
		877E230B2AAD84E800D26125 /* Products */ = {
			isa = PBXGroup;
			children = (
				877E230A2AAD84E800D26125 /* Audio Device Blocker.app */,
			);
			name = Products;
			sourceTree = "<group>";
		};
		877E230C2AAD84E800D26125 /* audio-device-blocker */ = {
			isa = PBXGroup;
			children = (
				877E23112AAD84E900D26125 /* Assets.xcassets */,
				877E23162AAD84E900D26125 /* AudioDeviceBlocker.entitlements */,
				877E23132AAD84E900D26125 /* Preview Content */,
				87570A042AB7804B0018B84D /* MyCoreAudio.swift */,
				877E230D2AAD84E800D26125 /* AudioDeviceBlockerApp.swift */,
				87B225582AB7CA9E001F545D /* MenuBarView.swift */,
				87B2255A2AB7CCE3001F545D /* PreferencesWindowView.swift */,
				87F285B72AB8810E004328B5 /* PreferencesPanelView.swift */,
				87F285B92AB88CE7004328B5 /* AudioContext.swift */,
				87409FF92ABC9B7600B450CF /* Info.plist */,
				87409FFB2ABC9B8900B450CF /* Credits.rtf */,
				8724D1D02ABF1EE400D9DEFE /* AudioDeviceBlocker.xcdatamodeld */,
				8724D1D52ABF22B300D9DEFE /* BlockedDevice.swift */,
				8724D1D72ABF316C00D9DEFE /* SavedFallbackDevice.swift */,
				87A35F702AC77E33004C7F9A /* GeneralPreferencesPanelView.swift */,
				87A3E7432AEF25D3002EC3EA /* OldMenuBar.swift */,
			);
			path = "audio-device-blocker";
			sourceTree = "<group>";
		};
		877E23132AAD84E900D26125 /* Preview Content */ = {
			isa = PBXGroup;
			children = (
				877E23142AAD84E900D26125 /* Preview Assets.xcassets */,
			);
			path = "Preview Content";
			sourceTree = "<group>";
		};
/* End PBXGroup section */

/* Begin PBXNativeTarget section */
		877E23092AAD84E800D26125 /* AudioDeviceBlocker */ = {
			isa = PBXNativeTarget;
			buildConfigurationList = 877E23192AAD84E900D26125 /* Build configuration list for PBXNativeTarget "AudioDeviceBlocker" */;
			buildPhases = (
				877E23062AAD84E800D26125 /* Sources */,
				877E23072AAD84E800D26125 /* Frameworks */,
				877E23082AAD84E800D26125 /* Resources */,
			);
			buildRules = (
			);
			dependencies = (
			);
			name = AudioDeviceBlocker;
			productName = "audio-device-blacklist";
			productReference = 877E230A2AAD84E800D26125 /* Audio Device Blocker.app */;
			productType = "com.apple.product-type.application";
		};
/* End PBXNativeTarget section */

/* Begin PBXProject section */
		877E23022AAD84E800D26125 /* Project object */ = {
			isa = PBXProject;
			attributes = {
				BuildIndependentTargetsInParallel = 1;
				LastSwiftUpdateCheck = 1430;
				LastUpgradeCheck = 1500;
				TargetAttributes = {
					877E23092AAD84E800D26125 = {
						CreatedOnToolsVersion = 14.3.1;
					};
				};
			};
			buildConfigurationList = 877E23052AAD84E800D26125 /* Build configuration list for PBXProject "AudioDeviceBlocker" */;
			compatibilityVersion = "Xcode 14.0";
			developmentRegion = en;
			hasScannedForEncodings = 0;
			knownRegions = (
				en,
				Base,
			);
			mainGroup = 877E23012AAD84E800D26125;
			productRefGroup = 877E230B2AAD84E800D26125 /* Products */;
			projectDirPath = "";
			projectRoot = "";
			targets = (
				877E23092AAD84E800D26125 /* AudioDeviceBlocker */,
			);
		};
/* End PBXProject section */

/* Begin PBXResourcesBuildPhase section */
		877E23082AAD84E800D26125 /* Resources */ = {
			isa = PBXResourcesBuildPhase;
			buildActionMask = 2147483647;
			files = (
				877E23152AAD84E900D26125 /* Preview Assets.xcassets in Resources */,
				877E23122AAD84E900D26125 /* Assets.xcassets in Resources */,
				87409FFA2ABC9B7600B450CF /* Info.plist in Resources */,
				87409FFC2ABC9B8900B450CF /* Credits.rtf in Resources */,
			);
			runOnlyForDeploymentPostprocessing = 0;
		};
/* End PBXResourcesBuildPhase section */

/* Begin PBXSourcesBuildPhase section */
		877E23062AAD84E800D26125 /* Sources */ = {
			isa = PBXSourcesBuildPhase;
			buildActionMask = 2147483647;
			files = (
				87B225592AB7CA9E001F545D /* MenuBarView.swift in Sources */,
				8724D1D62ABF22B300D9DEFE /* BlockedDevice.swift in Sources */,
				87F285B82AB8810E004328B5 /* PreferencesPanelView.swift in Sources */,
				87A3E7442AEF25D3002EC3EA /* OldMenuBar.swift in Sources */,
				87A35F712AC77E33004C7F9A /* GeneralPreferencesPanelView.swift in Sources */,
				87F285BA2AB88CE7004328B5 /* AudioContext.swift in Sources */,
				8724D1D22ABF1EE400D9DEFE /* AudioDeviceBlocker.xcdatamodeld in Sources */,
				877E230E2AAD84E800D26125 /* AudioDeviceBlockerApp.swift in Sources */,
				87570A052AB7804B0018B84D /* MyCoreAudio.swift in Sources */,
				8724D1D82ABF316C00D9DEFE /* SavedFallbackDevice.swift in Sources */,
				87B2255B2AB7CCE3001F545D /* PreferencesWindowView.swift in Sources */,
			);
			runOnlyForDeploymentPostprocessing = 0;
		};
/* End PBXSourcesBuildPhase section */

/* Begin XCBuildConfiguration section */
		877E23172AAD84E900D26125 /* Debug */ = {
			isa = XCBuildConfiguration;
			buildSettings = {
				ALWAYS_SEARCH_USER_PATHS = NO;
				ASSETCATALOG_COMPILER_GENERATE_SWIFT_ASSET_SYMBOL_EXTENSIONS = YES;
				CLANG_ANALYZER_NONNULL = YES;
				CLANG_ANALYZER_NUMBER_OBJECT_CONVERSION = YES_AGGRESSIVE;
				CLANG_CXX_LANGUAGE_STANDARD = "gnu++20";
				CLANG_ENABLE_MODULES = YES;
				CLANG_ENABLE_OBJC_ARC = YES;
				CLANG_ENABLE_OBJC_WEAK = YES;
				CLANG_WARN_BLOCK_CAPTURE_AUTORELEASING = YES;
				CLANG_WARN_BOOL_CONVERSION = YES;
				CLANG_WARN_COMMA = YES;
				CLANG_WARN_CONSTANT_CONVERSION = YES;
				CLANG_WARN_DEPRECATED_OBJC_IMPLEMENTATIONS = YES;
				CLANG_WARN_DIRECT_OBJC_ISA_USAGE = YES_ERROR;
				CLANG_WARN_DOCUMENTATION_COMMENTS = YES;
				CLANG_WARN_EMPTY_BODY = YES;
				CLANG_WARN_ENUM_CONVERSION = YES;
				CLANG_WARN_INFINITE_RECURSION = YES;
				CLANG_WARN_INT_CONVERSION = YES;
				CLANG_WARN_NON_LITERAL_NULL_CONVERSION = YES;
				CLANG_WARN_OBJC_IMPLICIT_RETAIN_SELF = YES;
				CLANG_WARN_OBJC_LITERAL_CONVERSION = YES;
				CLANG_WARN_OBJC_ROOT_CLASS = YES_ERROR;
				CLANG_WARN_QUOTED_INCLUDE_IN_FRAMEWORK_HEADER = YES;
				CLANG_WARN_RANGE_LOOP_ANALYSIS = YES;
				CLANG_WARN_STRICT_PROTOTYPES = YES;
				CLANG_WARN_SUSPICIOUS_MOVE = YES;
				CLANG_WARN_UNGUARDED_AVAILABILITY = YES_AGGRESSIVE;
				CLANG_WARN_UNREACHABLE_CODE = YES;
				CLANG_WARN__DUPLICATE_METHOD_MATCH = YES;
				COPY_PHASE_STRIP = NO;
				DEAD_CODE_STRIPPING = YES;
				DEBUG_INFORMATION_FORMAT = dwarf;
				ENABLE_STRICT_OBJC_MSGSEND = YES;
				ENABLE_TESTABILITY = YES;
				ENABLE_USER_SCRIPT_SANDBOXING = YES;
				GCC_C_LANGUAGE_STANDARD = gnu11;
				GCC_DYNAMIC_NO_PIC = NO;
				GCC_NO_COMMON_BLOCKS = YES;
				GCC_OPTIMIZATION_LEVEL = 0;
				GCC_PREPROCESSOR_DEFINITIONS = (
					"DEBUG=1",
					"$(inherited)",
				);
				GCC_WARN_64_TO_32_BIT_CONVERSION = YES;
				GCC_WARN_ABOUT_RETURN_TYPE = YES_ERROR;
				GCC_WARN_UNDECLARED_SELECTOR = YES;
				GCC_WARN_UNINITIALIZED_AUTOS = YES_AGGRESSIVE;
				GCC_WARN_UNUSED_FUNCTION = YES;
				GCC_WARN_UNUSED_VARIABLE = YES;
				MACOSX_DEPLOYMENT_TARGET = 13.0;
				MTL_ENABLE_DEBUG_INFO = INCLUDE_SOURCE;
				MTL_FAST_MATH = YES;
				ONLY_ACTIVE_ARCH = YES;
				SDKROOT = macosx;
				SWIFT_ACTIVE_COMPILATION_CONDITIONS = DEBUG;
				SWIFT_OPTIMIZATION_LEVEL = "-Onone";
				SWIFT_VERSION = 5.0;
			};
			name = Debug;
		};
		877E23182AAD84E900D26125 /* Release */ = {
			isa = XCBuildConfiguration;
			buildSettings = {
				ALWAYS_SEARCH_USER_PATHS = NO;
				ASSETCATALOG_COMPILER_GENERATE_SWIFT_ASSET_SYMBOL_EXTENSIONS = YES;
				CLANG_ANALYZER_NONNULL = YES;
				CLANG_ANALYZER_NUMBER_OBJECT_CONVERSION = YES_AGGRESSIVE;
				CLANG_CXX_LANGUAGE_STANDARD = "gnu++20";
				CLANG_ENABLE_MODULES = YES;
				CLANG_ENABLE_OBJC_ARC = YES;
				CLANG_ENABLE_OBJC_WEAK = YES;
				CLANG_WARN_BLOCK_CAPTURE_AUTORELEASING = YES;
				CLANG_WARN_BOOL_CONVERSION = YES;
				CLANG_WARN_COMMA = YES;
				CLANG_WARN_CONSTANT_CONVERSION = YES;
				CLANG_WARN_DEPRECATED_OBJC_IMPLEMENTATIONS = YES;
				CLANG_WARN_DIRECT_OBJC_ISA_USAGE = YES_ERROR;
				CLANG_WARN_DOCUMENTATION_COMMENTS = YES;
				CLANG_WARN_EMPTY_BODY = YES;
				CLANG_WARN_ENUM_CONVERSION = YES;
				CLANG_WARN_INFINITE_RECURSION = YES;
				CLANG_WARN_INT_CONVERSION = YES;
				CLANG_WARN_NON_LITERAL_NULL_CONVERSION = YES;
				CLANG_WARN_OBJC_IMPLICIT_RETAIN_SELF = YES;
				CLANG_WARN_OBJC_LITERAL_CONVERSION = YES;
				CLANG_WARN_OBJC_ROOT_CLASS = YES_ERROR;
				CLANG_WARN_QUOTED_INCLUDE_IN_FRAMEWORK_HEADER = YES;
				CLANG_WARN_RANGE_LOOP_ANALYSIS = YES;
				CLANG_WARN_STRICT_PROTOTYPES = YES;
				CLANG_WARN_SUSPICIOUS_MOVE = YES;
				CLANG_WARN_UNGUARDED_AVAILABILITY = YES_AGGRESSIVE;
				CLANG_WARN_UNREACHABLE_CODE = YES;
				CLANG_WARN__DUPLICATE_METHOD_MATCH = YES;
				COPY_PHASE_STRIP = NO;
				DEAD_CODE_STRIPPING = YES;
				DEBUG_INFORMATION_FORMAT = "dwarf-with-dsym";
				ENABLE_NS_ASSERTIONS = NO;
				ENABLE_STRICT_OBJC_MSGSEND = YES;
				ENABLE_USER_SCRIPT_SANDBOXING = YES;
				GCC_C_LANGUAGE_STANDARD = gnu11;
				GCC_NO_COMMON_BLOCKS = YES;
				GCC_WARN_64_TO_32_BIT_CONVERSION = YES;
				GCC_WARN_ABOUT_RETURN_TYPE = YES_ERROR;
				GCC_WARN_UNDECLARED_SELECTOR = YES;
				GCC_WARN_UNINITIALIZED_AUTOS = YES_AGGRESSIVE;
				GCC_WARN_UNUSED_FUNCTION = YES;
				GCC_WARN_UNUSED_VARIABLE = YES;
				MACOSX_DEPLOYMENT_TARGET = 13.0;
				MTL_ENABLE_DEBUG_INFO = NO;
				MTL_FAST_MATH = YES;
				SDKROOT = macosx;
				SWIFT_COMPILATION_MODE = wholemodule;
				SWIFT_OPTIMIZATION_LEVEL = "-O";
				SWIFT_VERSION = 5.0;
			};
			name = Release;
		};
		877E231A2AAD84E900D26125 /* Debug */ = {
			isa = XCBuildConfiguration;
			buildSettings = {
				ASSETCATALOG_COMPILER_APPICON_NAME = AppIcon;
				ASSETCATALOG_COMPILER_GLOBAL_ACCENT_COLOR_NAME = AccentColor;
				ASSETCATALOG_COMPILER_INCLUDE_ALL_APPICON_ASSETS = NO;
				CODE_SIGN_ENTITLEMENTS = "audio-device-blocker/AudioDeviceBlocker.entitlements";
				"CODE_SIGN_IDENTITY[sdk=macosx*]" = "Apple Development";
				CODE_SIGN_STYLE = Automatic;
				COMBINE_HIDPI_IMAGES = YES;
				CURRENT_PROJECT_VERSION = 1;
				DEAD_CODE_STRIPPING = YES;
				DEVELOPMENT_ASSET_PATHS = "audio-device-blocker/Preview\\ Content";
				DEVELOPMENT_TEAM = G9J5SC6664;
				ENABLE_HARDENED_RUNTIME = YES;
				ENABLE_PREVIEWS = YES;
				GENERATE_INFOPLIST_FILE = YES;
				INFOPLIST_FILE = "Audio-Device-Blocker/Info.plist";
				INFOPLIST_KEY_CFBundleDisplayName = "Audio Device Blocker";
				INFOPLIST_KEY_LSApplicationCategoryType = "public.app-category.productivity";
				INFOPLIST_KEY_LSUIElement = YES;
				INFOPLIST_KEY_NSHumanReadableCopyright = "License GPL-3.0";
				LD_RUNPATH_SEARCH_PATHS = (
					"$(inherited)",
					"@executable_path/../Frameworks",
				);
				MACOSX_DEPLOYMENT_TARGET = 12.0;
				MARKETING_VERSION = 1.6;
				PRODUCT_BUNDLE_IDENTIFIER = "dev.jbgosselin.audio-device-blocker";
				PRODUCT_NAME = "Audio Device Blocker";
				SWIFT_EMIT_LOC_STRINGS = YES;
				SWIFT_VERSION = 5.0;
			};
			name = Debug;
		};
		877E231B2AAD84E900D26125 /* Release */ = {
			isa = XCBuildConfiguration;
			buildSettings = {
				ASSETCATALOG_COMPILER_APPICON_NAME = AppIcon;
				ASSETCATALOG_COMPILER_GLOBAL_ACCENT_COLOR_NAME = AccentColor;
				ASSETCATALOG_COMPILER_INCLUDE_ALL_APPICON_ASSETS = NO;
				CODE_SIGN_ENTITLEMENTS = "audio-device-blocker/AudioDeviceBlocker.entitlements";
				"CODE_SIGN_IDENTITY[sdk=macosx*]" = "Apple Development";
				CODE_SIGN_STYLE = Automatic;
				COMBINE_HIDPI_IMAGES = YES;
				CURRENT_PROJECT_VERSION = 1;
				DEAD_CODE_STRIPPING = YES;
				DEVELOPMENT_ASSET_PATHS = "audio-device-blocker/Preview\\ Content";
				DEVELOPMENT_TEAM = G9J5SC6664;
				ENABLE_HARDENED_RUNTIME = YES;
				ENABLE_PREVIEWS = YES;
				GENERATE_INFOPLIST_FILE = YES;
				INFOPLIST_FILE = "Audio-Device-Blocker/Info.plist";
				INFOPLIST_KEY_CFBundleDisplayName = "Audio Device Blocker";
				INFOPLIST_KEY_LSApplicationCategoryType = "public.app-category.productivity";
				INFOPLIST_KEY_LSUIElement = YES;
				INFOPLIST_KEY_NSHumanReadableCopyright = "License GPL-3.0";
				LD_RUNPATH_SEARCH_PATHS = (
					"$(inherited)",
					"@executable_path/../Frameworks",
				);
				MACOSX_DEPLOYMENT_TARGET = 12.0;
				MARKETING_VERSION = 1.6;
				PRODUCT_BUNDLE_IDENTIFIER = "dev.jbgosselin.audio-device-blocker";
				PRODUCT_NAME = "Audio Device Blocker";
				SWIFT_EMIT_LOC_STRINGS = YES;
				SWIFT_VERSION = 5.0;
			};
			name = Release;
		};
/* End XCBuildConfiguration section */

/* Begin XCConfigurationList section */
		877E23052AAD84E800D26125 /* Build configuration list for PBXProject "AudioDeviceBlocker" */ = {
			isa = XCConfigurationList;
			buildConfigurations = (
				877E23172AAD84E900D26125 /* Debug */,
				877E23182AAD84E900D26125 /* Release */,
			);
			defaultConfigurationIsVisible = 0;
			defaultConfigurationName = Release;
		};
		877E23192AAD84E900D26125 /* Build configuration list for PBXNativeTarget "AudioDeviceBlocker" */ = {
			isa = XCConfigurationList;
			buildConfigurations = (
				877E231A2AAD84E900D26125 /* Debug */,
				877E231B2AAD84E900D26125 /* Release */,
			);
			defaultConfigurationIsVisible = 0;
			defaultConfigurationName = Release;
		};
/* End XCConfigurationList section */

/* Begin XCVersionGroup section */
		8724D1D02ABF1EE400D9DEFE /* AudioDeviceBlocker.xcdatamodeld */ = {
			isa = XCVersionGroup;
			children = (
				8724D1D12ABF1EE400D9DEFE /* AudioDeviceBlocker.xcdatamodel */,
			);
			currentVersion = 8724D1D12ABF1EE400D9DEFE /* AudioDeviceBlocker.xcdatamodel */;
			path = AudioDeviceBlocker.xcdatamodeld;
			sourceTree = "<group>";
			versionGroupType = wrapper.xcdatamodel;
		};
/* End XCVersionGroup section */
	};
	rootObject = 877E23022AAD84E800D26125 /* Project object */;
}
